
Microsoft Visual Studio Solution File, Format Version 12.00
# Visual Studio 14
VisualStudioVersion = 14.0.25420.1
MinimumVisualStudioVersion = 10.0.40219.1
Project("{FAE04EC0-301F-11D3-BF4B-00C04F79EFBC}") = "IntegerNumbers", "PracticeIntegerNumbers\IntegerNumbers.csproj", "{FE51F787-D9AE-4095-8312-F11F9D4BA96B}"
EndProject
Project("{FAE04EC0-301F-11D3-BF4B-00C04F79EFBC}") = "FloatingNumbers", "FloatingNumbers\FloatingNumbers.csproj", "{2013E713-8CA1-4016-A4B9-D8317D4C729B}"
EndProject
Project("{FAE04EC0-301F-11D3-BF4B-00C04F79EFBC}") = "CharAndStrings", "CharAndStrings\CharAndStrings.csproj", "{AD74FCAA-2805-4645-87E2-ACBBD0B828A7}"
EndProject
Project("{FAE04EC0-301F-11D3-BF4B-00C04F79EFBC}") = "VariableHexFormat", "VariableHexFormat\VariableHexFormat.csproj", "{31D9CCB1-E96D-4867-A4EC-FF81181B7B3F}"
EndProject
Project("{FAE04EC0-301F-11D3-BF4B-00C04F79EFBC}") = "BooleanVariable", "BooleanVariable\BooleanVariable.csproj", "{D455FEE3-614A-4367-AE1E-F1E1CBDE3757}"
EndProject
Project("{FAE04EC0-301F-11D3-BF4B-00C04F79EFBC}") = "StringsAndObjects", "StringsAndObjects\StringsAndObjects.csproj", "{ED9872BF-11C9-4F75-AC0F-B160191ABAD6}"
EndProject
Project("{FAE04EC0-301F-11D3-BF4B-00C04F79EFBC}") = "ExchangeVariableValues", "ExchangeVariableValues\ExchangeVariableValues.csproj", "{D5434EFE-7836-48F6-8236-CD4EB0D3DFA3}"
EndProject
Project("{FAE04EC0-301F-11D3-BF4B-00C04F79EFBC}") = "EmployeeData", "EmployeeData\EmployeeData.csproj", "{A8D7C674-3A6D-4E74-9FA2-7C9E9F0A7C9B}"
EndProject
Project("{FAE04EC0-301F-11D3-BF4B-00C04F79EFBC}") = "ReservedChars", "ReservedChars\ReservedChars.csproj", "{26537EC7-9027-47F7-B3E9-23334E767790}"
EndProject
Project("{FAE04EC0-301F-11D3-BF4B-00C04F79EFBC}") = "CenturiesToNanoseconds", "CenturiesToNanoseconds\CenturiesToNanoseconds.csproj", "{4048BDD0-7990-4A8F-9E31-C67087FDBF67}"
EndProject
Project("{FAE04EC0-301F-11D3-BF4B-00C04F79EFBC}") = "SpeedUnits", "SpeedUnits\SpeedUnits.csproj", "{FCB9FB3B-7622-4164-ABFF-688AEA0C48E9}"
EndProject
Project("{FAE04EC0-301F-11D3-BF4B-00C04F79EFBC}") = "FastPrimeChecker", "FastPrimeChecker\FastPrimeChecker.csproj", "{E62EE90C-6A22-4A3F-B144-0EB801384634}"
EndProject
Project("{FAE04EC0-301F-11D3-BF4B-00C04F79EFBC}") = "RectangleProperties", "RectangleProperties\RectangleProperties.csproj", "{D05F8B71-A775-427D-B88F-116463E4B9D7}"
EndProject
Project("{FAE04EC0-301F-11D3-BF4B-00C04F79EFBC}") = "VowelOrDigit", "VowelOrDigit\VowelOrDigit.csproj", "{E34B1487-8080-4B7B-AC14-DB56D2E2039D}"
EndProject
Project("{FAE04EC0-301F-11D3-BF4B-00C04F79EFBC}") = "IntegerToHexBinary", "IntegerToHexBinary\IntegerToHexBinary.csproj", "{651D7964-01B1-474A-AF1B-B3F41E6D57F6}"
EndProject
Global
	GlobalSection(SolutionConfigurationPlatforms) = preSolution
		Debug|Any CPU = Debug|Any CPU
		Release|Any CPU = Release|Any CPU
	EndGlobalSection
	GlobalSection(ProjectConfigurationPlatforms) = postSolution
		{FE51F787-D9AE-4095-8312-F11F9D4BA96B}.Debug|Any CPU.ActiveCfg = Debug|Any CPU
		{FE51F787-D9AE-4095-8312-F11F9D4BA96B}.Debug|Any CPU.Build.0 = Debug|Any CPU
		{FE51F787-D9AE-4095-8312-F11F9D4BA96B}.Release|Any CPU.ActiveCfg = Release|Any CPU
		{FE51F787-D9AE-4095-8312-F11F9D4BA96B}.Release|Any CPU.Build.0 = Release|Any CPU
		{2013E713-8CA1-4016-A4B9-D8317D4C729B}.Debug|Any CPU.ActiveCfg = Debug|Any CPU
		{2013E713-8CA1-4016-A4B9-D8317D4C729B}.Debug|Any CPU.Build.0 = Debug|Any CPU
		{2013E713-8CA1-4016-A4B9-D8317D4C729B}.Release|Any CPU.ActiveCfg = Release|Any CPU
		{2013E713-8CA1-4016-A4B9-D8317D4C729B}.Release|Any CPU.Build.0 = Release|Any CPU
		{AD74FCAA-2805-4645-87E2-ACBBD0B828A7}.Debug|Any CPU.ActiveCfg = Debug|Any CPU
		{AD74FCAA-2805-4645-87E2-ACBBD0B828A7}.Debug|Any CPU.Build.0 = Debug|Any CPU
		{AD74FCAA-2805-4645-87E2-ACBBD0B828A7}.Release|Any CPU.ActiveCfg = Release|Any CPU
		{AD74FCAA-2805-4645-87E2-ACBBD0B828A7}.Release|Any CPU.Build.0 = Release|Any CPU
		{31D9CCB1-E96D-4867-A4EC-FF81181B7B3F}.Debug|Any CPU.ActiveCfg = Debug|Any CPU
		{31D9CCB1-E96D-4867-A4EC-FF81181B7B3F}.Debug|Any CPU.Build.0 = Debug|Any CPU
		{31D9CCB1-E96D-4867-A4EC-FF81181B7B3F}.Release|Any CPU.ActiveCfg = Release|Any CPU
		{31D9CCB1-E96D-4867-A4EC-FF81181B7B3F}.Release|Any CPU.Build.0 = Release|Any CPU
		{D455FEE3-614A-4367-AE1E-F1E1CBDE3757}.Debug|Any CPU.ActiveCfg = Debug|Any CPU
		{D455FEE3-614A-4367-AE1E-F1E1CBDE3757}.Debug|Any CPU.Build.0 = Debug|Any CPU
		{D455FEE3-614A-4367-AE1E-F1E1CBDE3757}.Release|Any CPU.ActiveCfg = Release|Any CPU
		{D455FEE3-614A-4367-AE1E-F1E1CBDE3757}.Release|Any CPU.Build.0 = Release|Any CPU
		{ED9872BF-11C9-4F75-AC0F-B160191ABAD6}.Debug|Any CPU.ActiveCfg = Debug|Any CPU
		{ED9872BF-11C9-4F75-AC0F-B160191ABAD6}.Debug|Any CPU.Build.0 = Debug|Any CPU
		{ED9872BF-11C9-4F75-AC0F-B160191ABAD6}.Release|Any CPU.ActiveCfg = Release|Any CPU
		{ED9872BF-11C9-4F75-AC0F-B160191ABAD6}.Release|Any CPU.Build.0 = Release|Any CPU
		{D5434EFE-7836-48F6-8236-CD4EB0D3DFA3}.Debug|Any CPU.ActiveCfg = Debug|Any CPU
		{D5434EFE-7836-48F6-8236-CD4EB0D3DFA3}.Debug|Any CPU.Build.0 = Debug|Any CPU
		{D5434EFE-7836-48F6-8236-CD4EB0D3DFA3}.Release|Any CPU.ActiveCfg = Release|Any CPU
		{D5434EFE-7836-48F6-8236-CD4EB0D3DFA3}.Release|Any CPU.Build.0 = Release|Any CPU
		{A8D7C674-3A6D-4E74-9FA2-7C9E9F0A7C9B}.Debug|Any CPU.ActiveCfg = Debug|Any CPU
		{A8D7C674-3A6D-4E74-9FA2-7C9E9F0A7C9B}.Debug|Any CPU.Build.0 = Debug|Any CPU
		{A8D7C674-3A6D-4E74-9FA2-7C9E9F0A7C9B}.Release|Any CPU.ActiveCfg = Release|Any CPU
		{A8D7C674-3A6D-4E74-9FA2-7C9E9F0A7C9B}.Release|Any CPU.Build.0 = Release|Any CPU
		{26537EC7-9027-47F7-B3E9-23334E767790}.Debug|Any CPU.ActiveCfg = Debug|Any CPU
		{26537EC7-9027-47F7-B3E9-23334E767790}.Debug|Any CPU.Build.0 = Debug|Any CPU
		{26537EC7-9027-47F7-B3E9-23334E767790}.Release|Any CPU.ActiveCfg = Release|Any CPU
		{26537EC7-9027-47F7-B3E9-23334E767790}.Release|Any CPU.Build.0 = Release|Any CPU
		{4048BDD0-7990-4A8F-9E31-C67087FDBF67}.Debug|Any CPU.ActiveCfg = Debug|Any CPU
		{4048BDD0-7990-4A8F-9E31-C67087FDBF67}.Debug|Any CPU.Build.0 = Debug|Any CPU
		{4048BDD0-7990-4A8F-9E31-C67087FDBF67}.Release|Any CPU.ActiveCfg = Release|Any CPU
		{4048BDD0-7990-4A8F-9E31-C67087FDBF67}.Release|Any CPU.Build.0 = Release|Any CPU
		{FCB9FB3B-7622-4164-ABFF-688AEA0C48E9}.Debug|Any CPU.ActiveCfg = Debug|Any CPU
		{FCB9FB3B-7622-4164-ABFF-688AEA0C48E9}.Debug|Any CPU.Build.0 = Debug|Any CPU
		{FCB9FB3B-7622-4164-ABFF-688AEA0C48E9}.Release|Any CPU.ActiveCfg = Release|Any CPU
		{FCB9FB3B-7622-4164-ABFF-688AEA0C48E9}.Release|Any CPU.Build.0 = Release|Any CPU
		{E62EE90C-6A22-4A3F-B144-0EB801384634}.Debug|Any CPU.ActiveCfg = Debug|Any CPU
		{E62EE90C-6A22-4A3F-B144-0EB801384634}.Debug|Any CPU.Build.0 = Debug|Any CPU
		{E62EE90C-6A22-4A3F-B144-0EB801384634}.Release|Any CPU.ActiveCfg = Release|Any CPU
		{E62EE90C-6A22-4A3F-B144-0EB801384634}.Release|Any CPU.Build.0 = Release|Any CPU
		{D05F8B71-A775-427D-B88F-116463E4B9D7}.Debug|Any CPU.ActiveCfg = Debug|Any CPU
		{D05F8B71-A775-427D-B88F-116463E4B9D7}.Debug|Any CPU.Build.0 = Debug|Any CPU
		{D05F8B71-A775-427D-B88F-116463E4B9D7}.Release|Any CPU.ActiveCfg = Release|Any CPU
		{D05F8B71-A775-427D-B88F-116463E4B9D7}.Release|Any CPU.Build.0 = Release|Any CPU
		{E34B1487-8080-4B7B-AC14-DB56D2E2039D}.Debug|Any CPU.ActiveCfg = Debug|Any CPU
		{E34B1487-8080-4B7B-AC14-DB56D2E2039D}.Debug|Any CPU.Build.0 = Debug|Any CPU
		{E34B1487-8080-4B7B-AC14-DB56D2E2039D}.Release|Any CPU.ActiveCfg = Release|Any CPU
		{E34B1487-8080-4B7B-AC14-DB56D2E2039D}.Release|Any CPU.Build.0 = Release|Any CPU
		{651D7964-01B1-474A-AF1B-B3F41E6D57F6}.Debug|Any CPU.ActiveCfg = Debug|Any CPU
		{651D7964-01B1-474A-AF1B-B3F41E6D57F6}.Debug|Any CPU.Build.0 = Debug|Any CPU
		{651D7964-01B1-474A-AF1B-B3F41E6D57F6}.Release|Any CPU.ActiveCfg = Release|Any CPU
		{651D7964-01B1-474A-AF1B-B3F41E6D57F6}.Release|Any CPU.Build.0 = Release|Any CPU
	EndGlobalSection
	GlobalSection(SolutionProperties) = preSolution
		HideSolutionNode = FALSE
	EndGlobalSection
EndGlobal
